
Microsoft Visual Studio Solution File, Format Version 10.00
# Visual Studio 2008
Project("{FAE04EC0-301F-11D3-BF4B-00C04F79EFBC}") = "DCPU floppy editor", "DCPU floppy editor\DCPU floppy editor.csproj", "{6AD07173-C9DF-454B-8702-06AF9C4CA840}"
EndProject
Global
	GlobalSection(SolutionConfigurationPlatforms) = preSolution
		Debug|Any CPU = Debug|Any CPU
		Release|Any CPU = Release|Any CPU
	EndGlobalSection
	GlobalSection(ProjectConfigurationPlatforms) = postSolution
		{6AD07173-C9DF-454B-8702-06AF9C4CA840}.Debug|Any CPU.ActiveCfg = Debug|Any CPU
		{6AD07173-C9DF-454B-8702-06AF9C4CA840}.Debug|Any CPU.Build.0 = Debug|Any CPU
		{6AD07173-C9DF-454B-8702-06AF9C4CA840}.Release|Any CPU.ActiveCfg = Release|Any CPU
		{6AD07173-C9DF-454B-8702-06AF9C4CA840}.Release|Any CPU.Build.0 = Release|Any CPU
	EndGlobalSection
	GlobalSection(SolutionProperties) = preSolution
		HideSolutionNode = FALSE
	EndGlobalSection
EndGlobal
